
Microsoft Visual Studio Solution File, Format Version 12.00
# Visual Studio Version 17
VisualStudioVersion = 17.1.32228.430
MinimumVisualStudioVersion = 10.0.40219.1
Project("{FAE04EC0-301F-11D3-BF4B-00C04F79EFBC}") = "KabanovaWPF_68_Lab4", "KabanovaWPF_68_Lab4\KabanovaWPF_68_Lab4.csproj", "{91B89271-AF3E-4D95-8152-5FC95D4E4539}"
EndProject
Global
	GlobalSection(SolutionConfigurationPlatforms) = preSolution
		Debug|Any CPU = Debug|Any CPU
		Release|Any CPU = Release|Any CPU
	EndGlobalSection
	GlobalSection(ProjectConfigurationPlatforms) = postSolution
		{91B89271-AF3E-4D95-8152-5FC95D4E4539}.Debug|Any CPU.ActiveCfg = Debug|Any CPU
		{91B89271-AF3E-4D95-8152-5FC95D4E4539}.Debug|Any CPU.Build.0 = Debug|Any CPU
		{91B89271-AF3E-4D95-8152-5FC95D4E4539}.Release|Any CPU.ActiveCfg = Release|Any CPU
		{91B89271-AF3E-4D95-8152-5FC95D4E4539}.Release|Any CPU.Build.0 = Release|Any CPU
	EndGlobalSection
	GlobalSection(SolutionProperties) = preSolution
		HideSolutionNode = FALSE
	EndGlobalSection
	GlobalSection(ExtensibilityGlobals) = postSolution
		SolutionGuid = {0EDF7B4A-AEBF-43A7-BA4C-507F3F37DB41}
	EndGlobalSection
EndGlobal
